
Microsoft Visual Studio Solution File, Format Version 12.00
# Visual Studio Version 17
VisualStudioVersion = 17.5.33424.131
MinimumVisualStudioVersion = 10.0.40219.1
Project("{9A19103F-16F7-4668-BE54-9A1E7A4F7556}") = "Helpers", "Helpers\Helpers.csproj", "{39AD70B4-D352-4553-A3A7-E30B66ACD9AA}"
EndProject
Project("{9A19103F-16F7-4668-BE54-9A1E7A4F7556}") = "Mario", "Zadanie 9\Mario.csproj", "{3E3B7A0B-BACE-4529-8839-DC3D320C0411}"
EndProject
Global
	GlobalSection(SolutionConfigurationPlatforms) = preSolution
		Debug|Any CPU = Debug|Any CPU
		Debug|x64 = Debug|x64
		Release|Any CPU = Release|Any CPU
		Release|x64 = Release|x64
		Test|Any CPU = Test|Any CPU
		Test|x64 = Test|x64
	EndGlobalSection
	GlobalSection(ProjectConfigurationPlatforms) = postSolution
		{39AD70B4-D352-4553-A3A7-E30B66ACD9AA}.Debug|Any CPU.ActiveCfg = Debug|Any CPU
		{39AD70B4-D352-4553-A3A7-E30B66ACD9AA}.Debug|Any CPU.Build.0 = Debug|Any CPU
		{39AD70B4-D352-4553-A3A7-E30B66ACD9AA}.Debug|x64.ActiveCfg = Debug|x64
		{39AD70B4-D352-4553-A3A7-E30B66ACD9AA}.Debug|x64.Build.0 = Debug|x64
		{39AD70B4-D352-4553-A3A7-E30B66ACD9AA}.Release|Any CPU.ActiveCfg = Release|Any CPU
		{39AD70B4-D352-4553-A3A7-E30B66ACD9AA}.Release|Any CPU.Build.0 = Release|Any CPU
		{39AD70B4-D352-4553-A3A7-E30B66ACD9AA}.Release|x64.ActiveCfg = Release|x64
		{39AD70B4-D352-4553-A3A7-E30B66ACD9AA}.Release|x64.Build.0 = Release|x64
		{39AD70B4-D352-4553-A3A7-E30B66ACD9AA}.Test|Any CPU.ActiveCfg = Test|Any CPU
		{39AD70B4-D352-4553-A3A7-E30B66ACD9AA}.Test|Any CPU.Build.0 = Test|Any CPU
		{39AD70B4-D352-4553-A3A7-E30B66ACD9AA}.Test|x64.ActiveCfg = Test|x64
		{39AD70B4-D352-4553-A3A7-E30B66ACD9AA}.Test|x64.Build.0 = Test|x64
		{3E3B7A0B-BACE-4529-8839-DC3D320C0411}.Debug|Any CPU.ActiveCfg = Debug|Any CPU
		{3E3B7A0B-BACE-4529-8839-DC3D320C0411}.Debug|Any CPU.Build.0 = Debug|Any CPU
		{3E3B7A0B-BACE-4529-8839-DC3D320C0411}.Debug|x64.ActiveCfg = Debug|x64
		{3E3B7A0B-BACE-4529-8839-DC3D320C0411}.Debug|x64.Build.0 = Debug|x64
		{3E3B7A0B-BACE-4529-8839-DC3D320C0411}.Release|Any CPU.ActiveCfg = Release|Any CPU
		{3E3B7A0B-BACE-4529-8839-DC3D320C0411}.Release|Any CPU.Build.0 = Release|Any CPU
		{3E3B7A0B-BACE-4529-8839-DC3D320C0411}.Release|x64.ActiveCfg = Release|x64
		{3E3B7A0B-BACE-4529-8839-DC3D320C0411}.Release|x64.Build.0 = Release|x64
		{3E3B7A0B-BACE-4529-8839-DC3D320C0411}.Test|Any CPU.ActiveCfg = Test|Any CPU
		{3E3B7A0B-BACE-4529-8839-DC3D320C0411}.Test|Any CPU.Build.0 = Test|Any CPU
		{3E3B7A0B-BACE-4529-8839-DC3D320C0411}.Test|x64.ActiveCfg = Test|x64
		{3E3B7A0B-BACE-4529-8839-DC3D320C0411}.Test|x64.Build.0 = Test|x64
	EndGlobalSection
	GlobalSection(SolutionProperties) = preSolution
		HideSolutionNode = FALSE
	EndGlobalSection
	GlobalSection(ExtensibilityGlobals) = postSolution
		SolutionGuid = {9B56217E-27DF-491E-9EB7-E885DCC53BFB}
	EndGlobalSection
EndGlobal
